// !$*UTF8*$!
{
	archiveVersion = 1;
	classes = {
	};
	objectVersion = 46;
	objects = {

/* Begin PBXBuildFile section */
		0C8AE75218F6DF5C00E9769A /* Foundation.framework in Frameworks */ = {isa = PBXBuildFile; fileRef = 0C8AE75118F6DF5C00E9769A /* Foundation.framework */; };
		0C8AE75418F6DF5C00E9769A /* CoreGraphics.framework in Frameworks */ = {isa = PBXBuildFile; fileRef = 0C8AE75318F6DF5C00E9769A /* CoreGraphics.framework */; };
		0C8AE75618F6DF5C00E9769A /* UIKit.framework in Frameworks */ = {isa = PBXBuildFile; fileRef = 0C8AE75518F6DF5C00E9769A /* UIKit.framework */; };
		0C8AE75C18F6DF5C00E9769A /* InfoPlist.strings in Resources */ = {isa = PBXBuildFile; fileRef = 0C8AE75A18F6DF5C00E9769A /* InfoPlist.strings */; };
		0C8AE75E18F6DF5C00E9769A /* main.m in Sources */ = {isa = PBXBuildFile; fileRef = 0C8AE75D18F6DF5C00E9769A /* main.m */; };
		0C8AE76218F6DF5C00E9769A /* F8AppDelegate.m in Sources */ = {isa = PBXBuildFile; fileRef = 0C8AE76118F6DF5C00E9769A /* F8AppDelegate.m */; };
		0C8AE76518F6DF5C00E9769A /* Main.storyboard in Resources */ = {isa = PBXBuildFile; fileRef = 0C8AE76318F6DF5C00E9769A /* Main.storyboard */; };
		0C8AE76818F6DF5C00E9769A /* F8ViewController.m in Sources */ = {isa = PBXBuildFile; fileRef = 0C8AE76718F6DF5C00E9769A /* F8ViewController.m */; };
		0C8AE76A18F6DF5C00E9769A /* Images.xcassets in Resources */ = {isa = PBXBuildFile; fileRef = 0C8AE76918F6DF5C00E9769A /* Images.xcassets */; };
		0C8AE77118F6DF5C00E9769A /* XCTest.framework in Frameworks */ = {isa = PBXBuildFile; fileRef = 0C8AE77018F6DF5C00E9769A /* XCTest.framework */; };
		0C8AE77218F6DF5C00E9769A /* Foundation.framework in Frameworks */ = {isa = PBXBuildFile; fileRef = 0C8AE75118F6DF5C00E9769A /* Foundation.framework */; };
		0C8AE77318F6DF5C00E9769A /* UIKit.framework in Frameworks */ = {isa = PBXBuildFile; fileRef = 0C8AE75518F6DF5C00E9769A /* UIKit.framework */; };
		0C8AE77B18F6DF5C00E9769A /* InfoPlist.strings in Resources */ = {isa = PBXBuildFile; fileRef = 0C8AE77918F6DF5C00E9769A /* InfoPlist.strings */; };
		0C8AE77D18F6DF5C00E9769A /* Focus_8Tests.m in Sources */ = {isa = PBXBuildFile; fileRef = 0C8AE77C18F6DF5C00E9769A /* Focus_8Tests.m */; };
		0C8AE78A18FCABFE00E9769A /* BreakViewController.m in Sources */ = {isa = PBXBuildFile; fileRef = 0C8AE78918FCABFE00E9769A /* BreakViewController.m */; };
/* End PBXBuildFile section */

/* Begin PBXContainerItemProxy section */
		0C8AE77418F6DF5C00E9769A /* PBXContainerItemProxy */ = {
			isa = PBXContainerItemProxy;
			containerPortal = 0C8AE74618F6DF5C00E9769A /* Project object */;
			proxyType = 1;
			remoteGlobalIDString = 0C8AE74D18F6DF5C00E9769A;
			remoteInfo = "Focus-8";
		};
/* End PBXContainerItemProxy section */

/* Begin PBXFileReference section */
		0C8AE74E18F6DF5C00E9769A /* Focus-8.app */ = {isa = PBXFileReference; explicitFileType = wrapper.application; includeInIndex = 0; path = "Focus-8.app"; sourceTree = BUILT_PRODUCTS_DIR; };
		0C8AE75118F6DF5C00E9769A /* Foundation.framework */ = {isa = PBXFileReference; lastKnownFileType = wrapper.framework; name = Foundation.framework; path = System/Library/Frameworks/Foundation.framework; sourceTree = SDKROOT; };
		0C8AE75318F6DF5C00E9769A /* CoreGraphics.framework */ = {isa = PBXFileReference; lastKnownFileType = wrapper.framework; name = CoreGraphics.framework; path = System/Library/Frameworks/CoreGraphics.framework; sourceTree = SDKROOT; };
		0C8AE75518F6DF5C00E9769A /* UIKit.framework */ = {isa = PBXFileReference; lastKnownFileType = wrapper.framework; name = UIKit.framework; path = System/Library/Frameworks/UIKit.framework; sourceTree = SDKROOT; };
		0C8AE75918F6DF5C00E9769A /* Focus-8-Info.plist */ = {isa = PBXFileReference; lastKnownFileType = text.plist.xml; path = "Focus-8-Info.plist"; sourceTree = "<group>"; };
		0C8AE75B18F6DF5C00E9769A /* en */ = {isa = PBXFileReference; lastKnownFileType = text.plist.strings; name = en; path = en.lproj/InfoPlist.strings; sourceTree = "<group>"; };
		0C8AE75D18F6DF5C00E9769A /* main.m */ = {isa = PBXFileReference; lastKnownFileType = sourcecode.c.objc; path = main.m; sourceTree = "<group>"; };
		0C8AE75F18F6DF5C00E9769A /* Focus-8-Prefix.pch */ = {isa = PBXFileReference; lastKnownFileType = sourcecode.c.h; path = "Focus-8-Prefix.pch"; sourceTree = "<group>"; };
		0C8AE76018F6DF5C00E9769A /* F8AppDelegate.h */ = {isa = PBXFileReference; lastKnownFileType = sourcecode.c.h; path = F8AppDelegate.h; sourceTree = "<group>"; };
		0C8AE76118F6DF5C00E9769A /* F8AppDelegate.m */ = {isa = PBXFileReference; lastKnownFileType = sourcecode.c.objc; path = F8AppDelegate.m; sourceTree = "<group>"; };
		0C8AE76418F6DF5C00E9769A /* Base */ = {isa = PBXFileReference; lastKnownFileType = file.storyboard; name = Base; path = Base.lproj/Main.storyboard; sourceTree = "<group>"; };
		0C8AE76618F6DF5C00E9769A /* F8ViewController.h */ = {isa = PBXFileReference; lastKnownFileType = sourcecode.c.h; path = F8ViewController.h; sourceTree = "<group>"; };
		0C8AE76718F6DF5C00E9769A /* F8ViewController.m */ = {isa = PBXFileReference; lastKnownFileType = sourcecode.c.objc; path = F8ViewController.m; sourceTree = "<group>"; };
		0C8AE76918F6DF5C00E9769A /* Images.xcassets */ = {isa = PBXFileReference; lastKnownFileType = folder.assetcatalog; path = Images.xcassets; sourceTree = "<group>"; };
		0C8AE76F18F6DF5C00E9769A /* Focus-8Tests.xctest */ = {isa = PBXFileReference; explicitFileType = wrapper.cfbundle; includeInIndex = 0; path = "Focus-8Tests.xctest"; sourceTree = BUILT_PRODUCTS_DIR; };
		0C8AE77018F6DF5C00E9769A /* XCTest.framework */ = {isa = PBXFileReference; lastKnownFileType = wrapper.framework; name = XCTest.framework; path = Library/Frameworks/XCTest.framework; sourceTree = DEVELOPER_DIR; };
		0C8AE77818F6DF5C00E9769A /* Focus-8Tests-Info.plist */ = {isa = PBXFileReference; lastKnownFileType = text.plist.xml; path = "Focus-8Tests-Info.plist"; sourceTree = "<group>"; };
		0C8AE77A18F6DF5C00E9769A /* en */ = {isa = PBXFileReference; lastKnownFileType = text.plist.strings; name = en; path = en.lproj/InfoPlist.strings; sourceTree = "<group>"; };
		0C8AE77C18F6DF5C00E9769A /* Focus_8Tests.m */ = {isa = PBXFileReference; lastKnownFileType = sourcecode.c.objc; path = Focus_8Tests.m; sourceTree = "<group>"; };
		0C8AE78818FCABFE00E9769A /* BreakViewController.h */ = {isa = PBXFileReference; fileEncoding = 4; lastKnownFileType = sourcecode.c.h; name = BreakViewController.h; path = ../BreakViewController.h; sourceTree = "<group>"; };
		0C8AE78918FCABFE00E9769A /* BreakViewController.m */ = {isa = PBXFileReference; fileEncoding = 4; lastKnownFileType = sourcecode.c.objc; name = BreakViewController.m; path = ../BreakViewController.m; sourceTree = "<group>"; };
/* End PBXFileReference section */

/* Begin PBXFrameworksBuildPhase section */
		0C8AE74B18F6DF5C00E9769A /* Frameworks */ = {
			isa = PBXFrameworksBuildPhase;
			buildActionMask = 2147483647;
			files = (
				0C8AE75418F6DF5C00E9769A /* CoreGraphics.framework in Frameworks */,
				0C8AE75618F6DF5C00E9769A /* UIKit.framework in Frameworks */,
				0C8AE75218F6DF5C00E9769A /* Foundation.framework in Frameworks */,
			);
			runOnlyForDeploymentPostprocessing = 0;
		};
		0C8AE76C18F6DF5C00E9769A /* Frameworks */ = {
			isa = PBXFrameworksBuildPhase;
			buildActionMask = 2147483647;
			files = (
				0C8AE77118F6DF5C00E9769A /* XCTest.framework in Frameworks */,
				0C8AE77318F6DF5C00E9769A /* UIKit.framework in Frameworks */,
				0C8AE77218F6DF5C00E9769A /* Foundation.framework in Frameworks */,
			);
			runOnlyForDeploymentPostprocessing = 0;
		};
/* End PBXFrameworksBuildPhase section */

/* Begin PBXGroup section */
		0C8AE74518F6DF5C00E9769A = {
			isa = PBXGroup;
			children = (
				0C8AE75718F6DF5C00E9769A /* Focus-8 */,
				0C8AE77618F6DF5C00E9769A /* Focus-8Tests */,
				0C8AE75018F6DF5C00E9769A /* Frameworks */,
				0C8AE74F18F6DF5C00E9769A /* Products */,
			);
			sourceTree = "<group>";
		};
		0C8AE74F18F6DF5C00E9769A /* Products */ = {
			isa = PBXGroup;
			children = (
				0C8AE74E18F6DF5C00E9769A /* Focus-8.app */,
				0C8AE76F18F6DF5C00E9769A /* Focus-8Tests.xctest */,
			);
			name = Products;
			sourceTree = "<group>";
		};
		0C8AE75018F6DF5C00E9769A /* Frameworks */ = {
			isa = PBXGroup;
			children = (
				0C8AE75118F6DF5C00E9769A /* Foundation.framework */,
				0C8AE75318F6DF5C00E9769A /* CoreGraphics.framework */,
				0C8AE75518F6DF5C00E9769A /* UIKit.framework */,
				0C8AE77018F6DF5C00E9769A /* XCTest.framework */,
			);
			name = Frameworks;
			sourceTree = "<group>";
		};
		0C8AE75718F6DF5C00E9769A /* Focus-8 */ = {
			isa = PBXGroup;
			children = (
				0C8AE76018F6DF5C00E9769A /* F8AppDelegate.h */,
				0C8AE76118F6DF5C00E9769A /* F8AppDelegate.m */,
				0C8AE76318F6DF5C00E9769A /* Main.storyboard */,
				0C8AE76618F6DF5C00E9769A /* F8ViewController.h */,
				0C8AE76718F6DF5C00E9769A /* F8ViewController.m */,
				0C8AE78818FCABFE00E9769A /* BreakViewController.h */,
				0C8AE78918FCABFE00E9769A /* BreakViewController.m */,
				0C8AE76918F6DF5C00E9769A /* Images.xcassets */,
				0C8AE75818F6DF5C00E9769A /* Supporting Files */,
			);
			path = "Focus-8";
			sourceTree = "<group>";
		};
		0C8AE75818F6DF5C00E9769A /* Supporting Files */ = {
			isa = PBXGroup;
			children = (
				0C8AE75918F6DF5C00E9769A /* Focus-8-Info.plist */,
				0C8AE75A18F6DF5C00E9769A /* InfoPlist.strings */,
				0C8AE75D18F6DF5C00E9769A /* main.m */,
				0C8AE75F18F6DF5C00E9769A /* Focus-8-Prefix.pch */,
			);
			name = "Supporting Files";
			sourceTree = "<group>";
		};
		0C8AE77618F6DF5C00E9769A /* Focus-8Tests */ = {
			isa = PBXGroup;
			children = (
				0C8AE77C18F6DF5C00E9769A /* Focus_8Tests.m */,
				0C8AE77718F6DF5C00E9769A /* Supporting Files */,
			);
			path = "Focus-8Tests";
			sourceTree = "<group>";
		};
		0C8AE77718F6DF5C00E9769A /* Supporting Files */ = {
			isa = PBXGroup;
			children = (
				0C8AE77818F6DF5C00E9769A /* Focus-8Tests-Info.plist */,
				0C8AE77918F6DF5C00E9769A /* InfoPlist.strings */,
			);
			name = "Supporting Files";
			sourceTree = "<group>";
		};
/* End PBXGroup section */

/* Begin PBXNativeTarget section */
		0C8AE74D18F6DF5C00E9769A /* Focus-8 */ = {
			isa = PBXNativeTarget;
			buildConfigurationList = 0C8AE78018F6DF5C00E9769A /* Build configuration list for PBXNativeTarget "Focus-8" */;
			buildPhases = (
				0C8AE74A18F6DF5C00E9769A /* Sources */,
				0C8AE74B18F6DF5C00E9769A /* Frameworks */,
				0C8AE74C18F6DF5C00E9769A /* Resources */,
			);
			buildRules = (
			);
			dependencies = (
			);
			name = "Focus-8";
			productName = "Focus-8";
			productReference = 0C8AE74E18F6DF5C00E9769A /* Focus-8.app */;
			productType = "com.apple.product-type.application";
		};
		0C8AE76E18F6DF5C00E9769A /* Focus-8Tests */ = {
			isa = PBXNativeTarget;
			buildConfigurationList = 0C8AE78318F6DF5C00E9769A /* Build configuration list for PBXNativeTarget "Focus-8Tests" */;
			buildPhases = (
				0C8AE76B18F6DF5C00E9769A /* Sources */,
				0C8AE76C18F6DF5C00E9769A /* Frameworks */,
				0C8AE76D18F6DF5C00E9769A /* Resources */,
			);
			buildRules = (
			);
			dependencies = (
				0C8AE77518F6DF5C00E9769A /* PBXTargetDependency */,
			);
			name = "Focus-8Tests";
			productName = "Focus-8Tests";
			productReference = 0C8AE76F18F6DF5C00E9769A /* Focus-8Tests.xctest */;
			productType = "com.apple.product-type.bundle.unit-test";
		};
/* End PBXNativeTarget section */

/* Begin PBXProject section */
		0C8AE74618F6DF5C00E9769A /* Project object */ = {
			isa = PBXProject;
			attributes = {
				CLASSPREFIX = F8;
				LastUpgradeCheck = 0500;
				ORGANIZATIONNAME = "Mike Montgomery";
				TargetAttributes = {
					0C8AE76E18F6DF5C00E9769A = {
						TestTargetID = 0C8AE74D18F6DF5C00E9769A;
					};
				};
			};
			buildConfigurationList = 0C8AE74918F6DF5C00E9769A /* Build configuration list for PBXProject "Focus-8" */;
			compatibilityVersion = "Xcode 3.2";
			developmentRegion = English;
			hasScannedForEncodings = 0;
			knownRegions = (
				en,
				Base,
			);
			mainGroup = 0C8AE74518F6DF5C00E9769A;
			productRefGroup = 0C8AE74F18F6DF5C00E9769A /* Products */;
			projectDirPath = "";
			projectRoot = "";
			targets = (
				0C8AE74D18F6DF5C00E9769A /* Focus-8 */,
				0C8AE76E18F6DF5C00E9769A /* Focus-8Tests */,
			);
		};
/* End PBXProject section */

/* Begin PBXResourcesBuildPhase section */
		0C8AE74C18F6DF5C00E9769A /* Resources */ = {
			isa = PBXResourcesBuildPhase;
			buildActionMask = 2147483647;
			files = (
				0C8AE76A18F6DF5C00E9769A /* Images.xcassets in Resources */,
				0C8AE75C18F6DF5C00E9769A /* InfoPlist.strings in Resources */,
				0C8AE76518F6DF5C00E9769A /* Main.storyboard in Resources */,
			);
			runOnlyForDeploymentPostprocessing = 0;
		};
		0C8AE76D18F6DF5C00E9769A /* Resources */ = {
			isa = PBXResourcesBuildPhase;
			buildActionMask = 2147483647;
			files = (
				0C8AE77B18F6DF5C00E9769A /* InfoPlist.strings in Resources */,
			);
			runOnlyForDeploymentPostprocessing = 0;
		};
/* End PBXResourcesBuildPhase section */

/* Begin PBXSourcesBuildPhase section */
		0C8AE74A18F6DF5C00E9769A /* Sources */ = {
			isa = PBXSourcesBuildPhase;
			buildActionMask = 2147483647;
			files = (
				0C8AE78A18FCABFE00E9769A /* BreakViewController.m in Sources */,
				0C8AE76818F6DF5C00E9769A /* F8ViewController.m in Sources */,
				0C8AE76218F6DF5C00E9769A /* F8AppDelegate.m in Sources */,
				0C8AE75E18F6DF5C00E9769A /* main.m in Sources */,
			);
			runOnlyForDeploymentPostprocessing = 0;
		};
		0C8AE76B18F6DF5C00E9769A /* Sources */ = {
			isa = PBXSourcesBuildPhase;
			buildActionMask = 2147483647;
			files = (
				0C8AE77D18F6DF5C00E9769A /* Focus_8Tests.m in Sources */,
			);
			runOnlyForDeploymentPostprocessing = 0;
		};
/* End PBXSourcesBuildPhase section */

/* Begin PBXTargetDependency section */
		0C8AE77518F6DF5C00E9769A /* PBXTargetDependency */ = {
			isa = PBXTargetDependency;
			target = 0C8AE74D18F6DF5C00E9769A /* Focus-8 */;
			targetProxy = 0C8AE77418F6DF5C00E9769A /* PBXContainerItemProxy */;
		};
/* End PBXTargetDependency section */

/* Begin PBXVariantGroup section */
		0C8AE75A18F6DF5C00E9769A /* InfoPlist.strings */ = {
			isa = PBXVariantGroup;
			children = (
				0C8AE75B18F6DF5C00E9769A /* en */,
			);
			name = InfoPlist.strings;
			sourceTree = "<group>";
		};
		0C8AE76318F6DF5C00E9769A /* Main.storyboard */ = {
			isa = PBXVariantGroup;
			children = (
				0C8AE76418F6DF5C00E9769A /* Base */,
			);
			name = Main.storyboard;
			sourceTree = "<group>";
		};
		0C8AE77918F6DF5C00E9769A /* InfoPlist.strings */ = {
			isa = PBXVariantGroup;
			children = (
				0C8AE77A18F6DF5C00E9769A /* en */,
			);
			name = InfoPlist.strings;
			sourceTree = "<group>";
		};
/* End PBXVariantGroup section */

/* Begin XCBuildConfiguration section */
		0C8AE77E18F6DF5C00E9769A /* Debug */ = {
			isa = XCBuildConfiguration;
			buildSettings = {
				ALWAYS_SEARCH_USER_PATHS = NO;
				ARCHS = "$(ARCHS_STANDARD_INCLUDING_64_BIT)";
				CLANG_CXX_LANGUAGE_STANDARD = "gnu++0x";
				CLANG_CXX_LIBRARY = "libc++";
				CLANG_ENABLE_MODULES = YES;
				CLANG_ENABLE_OBJC_ARC = YES;
				CLANG_WARN_BOOL_CONVERSION = YES;
				CLANG_WARN_CONSTANT_CONVERSION = YES;
				CLANG_WARN_DIRECT_OBJC_ISA_USAGE = YES_ERROR;
				CLANG_WARN_EMPTY_BODY = YES;
				CLANG_WARN_ENUM_CONVERSION = YES;
				CLANG_WARN_INT_CONVERSION = YES;
				CLANG_WARN_OBJC_ROOT_CLASS = YES_ERROR;
				CLANG_WARN__DUPLICATE_METHOD_MATCH = YES;
				"CODE_SIGN_IDENTITY[sdk=iphoneos*]" = "iPhone Developer";
				COPY_PHASE_STRIP = NO;
				GCC_C_LANGUAGE_STANDARD = gnu99;
				GCC_DYNAMIC_NO_PIC = NO;
				GCC_OPTIMIZATION_LEVEL = 0;
				GCC_PREPROCESSOR_DEFINITIONS = (
					"DEBUG=1",
					"$(inherited)",
				);
				GCC_SYMBOLS_PRIVATE_EXTERN = NO;
				GCC_WARN_64_TO_32_BIT_CONVERSION = YES;
				GCC_WARN_ABOUT_RETURN_TYPE = YES_ERROR;
				GCC_WARN_UNDECLARED_SELECTOR = YES;
				GCC_WARN_UNINITIALIZED_AUTOS = YES;
				GCC_WARN_UNUSED_FUNCTION = YES;
				GCC_WARN_UNUSED_VARIABLE = YES;
				IPHONEOS_DEPLOYMENT_TARGET = 7.0;
				ONLY_ACTIVE_ARCH = YES;
				SDKROOT = iphoneos;
			};
			name = Debug;
		};
		0C8AE77F18F6DF5C00E9769A /* Release */ = {
			isa = XCBuildConfiguration;
			buildSettings = {
				ALWAYS_SEARCH_USER_PATHS = NO;
				ARCHS = "$(ARCHS_STANDARD_INCLUDING_64_BIT)";
				CLANG_CXX_LANGUAGE_STANDARD = "gnu++0x";
				CLANG_CXX_LIBRARY = "libc++";
				CLANG_ENABLE_MODULES = YES;
				CLANG_ENABLE_OBJC_ARC = YES;
				CLANG_WARN_BOOL_CONVERSION = YES;
				CLANG_WARN_CONSTANT_CONVERSION = YES;
				CLANG_WARN_DIRECT_OBJC_ISA_USAGE = YES_ERROR;
				CLANG_WARN_EMPTY_BODY = YES;
				CLANG_WARN_ENUM_CONVERSION = YES;
				CLANG_WARN_INT_CONVERSION = YES;
				CLANG_WARN_OBJC_ROOT_CLASS = YES_ERROR;
				CLANG_WARN__DUPLICATE_METHOD_MATCH = YES;
				"CODE_SIGN_IDENTITY[sdk=iphoneos*]" = "iPhone Developer";
				COPY_PHASE_STRIP = YES;
				ENABLE_NS_ASSERTIONS = NO;
				GCC_C_LANGUAGE_STANDARD = gnu99;
				GCC_WARN_64_TO_32_BIT_CONVERSION = YES;
				GCC_WARN_ABOUT_RETURN_TYPE = YES_ERROR;
				GCC_WARN_UNDECLARED_SELECTOR = YES;
				GCC_WARN_UNINITIALIZED_AUTOS = YES;
				GCC_WARN_UNUSED_FUNCTION = YES;
				GCC_WARN_UNUSED_VARIABLE = YES;
				IPHONEOS_DEPLOYMENT_TARGET = 7.0;
				SDKROOT = iphoneos;
				VALIDATE_PRODUCT = YES;
			};
			name = Release;
		};
		0C8AE78118F6DF5C00E9769A /* Debug */ = {
			isa = XCBuildConfiguration;
			buildSettings = {
				ASSETCATALOG_COMPILER_APPICON_NAME = AppIcon;
				ASSETCATALOG_COMPILER_LAUNCHIMAGE_NAME = LaunchImage;
				GCC_PRECOMPILE_PREFIX_HEADER = YES;
				GCC_PREFIX_HEADER = "Focus-8/Focus-8-Prefix.pch";
				INFOPLIST_FILE = "Focus-8/Focus-8-Info.plist";
				PRODUCT_NAME = "$(TARGET_NAME)";
				WRAPPER_EXTENSION = app;
			};
			name = Debug;
		};
		0C8AE78218F6DF5C00E9769A /* Release */ = {
			isa = XCBuildConfiguration;
			buildSettings = {
				ASSETCATALOG_COMPILER_APPICON_NAME = AppIcon;
				ASSETCATALOG_COMPILER_LAUNCHIMAGE_NAME = LaunchImage;
				GCC_PRECOMPILE_PREFIX_HEADER = YES;
				GCC_PREFIX_HEADER = "Focus-8/Focus-8-Prefix.pch";
				INFOPLIST_FILE = "Focus-8/Focus-8-Info.plist";
				PRODUCT_NAME = "$(TARGET_NAME)";
				WRAPPER_EXTENSION = app;
			};
			name = Release;
		};
		0C8AE78418F6DF5C00E9769A /* Debug */ = {
			isa = XCBuildConfiguration;
			buildSettings = {
				ARCHS = "$(ARCHS_STANDARD_INCLUDING_64_BIT)";
				BUNDLE_LOADER = "$(BUILT_PRODUCTS_DIR)/Focus-8.app/Focus-8";
				FRAMEWORK_SEARCH_PATHS = (
					"$(SDKROOT)/Developer/Library/Frameworks",
					"$(inherited)",
					"$(DEVELOPER_FRAMEWORKS_DIR)",
				);
				GCC_PRECOMPILE_PREFIX_HEADER = YES;
				GCC_PREFIX_HEADER = "Focus-8/Focus-8-Prefix.pch";
				GCC_PREPROCESSOR_DEFINITIONS = (
					"DEBUG=1",
					"$(inherited)",
				);
				INFOPLIST_FILE = "Focus-8Tests/Focus-8Tests-Info.plist";
				PRODUCT_NAME = "$(TARGET_NAME)";
				TEST_HOST = "$(BUNDLE_LOADER)";
				WRAPPER_EXTENSION = xctest;
			};
			name = Debug;
		};
		0C8AE78518F6DF5C00E9769A /* Release */ = {
			isa = XCBuildConfiguration;
			buildSettings = {
				ARCHS = "$(ARCHS_STANDARD_INCLUDING_64_BIT)";
				BUNDLE_LOADER = "$(BUILT_PRODUCTS_DIR)/Focus-8.app/Focus-8";
				FRAMEWORK_SEARCH_PATHS = (
					"$(SDKROOT)/Developer/Library/Frameworks",
					"$(inherited)",
					"$(DEVELOPER_FRAMEWORKS_DIR)",
				);
				GCC_PRECOMPILE_PREFIX_HEADER = YES;
				GCC_PREFIX_HEADER = "Focus-8/Focus-8-Prefix.pch";
				INFOPLIST_FILE = "Focus-8Tests/Focus-8Tests-Info.plist";
				PRODUCT_NAME = "$(TARGET_NAME)";
				TEST_HOST = "$(BUNDLE_LOADER)";
				WRAPPER_EXTENSION = xctest;
			};
			name = Release;
		};
/* End XCBuildConfiguration section */

/* Begin XCConfigurationList section */
		0C8AE74918F6DF5C00E9769A /* Build configuration list for PBXProject "Focus-8" */ = {
			isa = XCConfigurationList;
			buildConfigurations = (
				0C8AE77E18F6DF5C00E9769A /* Debug */,
				0C8AE77F18F6DF5C00E9769A /* Release */,
			);
			defaultConfigurationIsVisible = 0;
			defaultConfigurationName = Release;
		};
		0C8AE78018F6DF5C00E9769A /* Build configuration list for PBXNativeTarget "Focus-8" */ = {
			isa = XCConfigurationList;
			buildConfigurations = (
				0C8AE78118F6DF5C00E9769A /* Debug */,
				0C8AE78218F6DF5C00E9769A /* Release */,
			);
			defaultConfigurationIsVisible = 0;
			defaultConfigurationName = Release;
		};
		0C8AE78318F6DF5C00E9769A /* Build configuration list for PBXNativeTarget "Focus-8Tests" */ = {
			isa = XCConfigurationList;
			buildConfigurations = (
				0C8AE78418F6DF5C00E9769A /* Debug */,
				0C8AE78518F6DF5C00E9769A /* Release */,
			);
			defaultConfigurationIsVisible = 0;
			defaultConfigurationName = Release;
		};
/* End XCConfigurationList section */
	};
	rootObject = 0C8AE74618F6DF5C00E9769A /* Project object */;
}
